// !$*UTF8*$!
{
	archiveVersion = 1;
	classes = {
	};
	objectVersion = 46;
	objects = {

/* Begin PBXBuildFile section */
		1D33C3B71DAC7DD500B25807 /* AppDelegate.swift in Sources */ = {isa = PBXBuildFile; fileRef = 1D33C3B61DAC7DD500B25807 /* AppDelegate.swift */; };
		1D33C3B91DAC7DD500B25807 /* ViewController.swift in Sources */ = {isa = PBXBuildFile; fileRef = 1D33C3B81DAC7DD500B25807 /* ViewController.swift */; };
		1D33C3BC1DAC7DD600B25807 /* Main.storyboard in Resources */ = {isa = PBXBuildFile; fileRef = 1D33C3BA1DAC7DD600B25807 /* Main.storyboard */; };
		1D33C3BE1DAC7DD600B25807 /* Assets.xcassets in Resources */ = {isa = PBXBuildFile; fileRef = 1D33C3BD1DAC7DD600B25807 /* Assets.xcassets */; };
		1D33C3C11DAC7DD600B25807 /* LaunchScreen.storyboard in Resources */ = {isa = PBXBuildFile; fileRef = 1D33C3BF1DAC7DD600B25807 /* LaunchScreen.storyboard */; };
		1D33C3CC1DAC7DD700B25807 /* CarMusicPlayerTests.swift in Sources */ = {isa = PBXBuildFile; fileRef = 1D33C3CB1DAC7DD700B25807 /* CarMusicPlayerTests.swift */; };
		1D33C3D71DAC7DD700B25807 /* CarMusicPlayerUITests.swift in Sources */ = {isa = PBXBuildFile; fileRef = 1D33C3D61DAC7DD700B25807 /* CarMusicPlayerUITests.swift */; };
		1D33C3E61DAC7DFB00B25807 /* MediaPlayer.framework in Frameworks */ = {isa = PBXBuildFile; fileRef = 1D33C3E51DAC7DFB00B25807 /* MediaPlayer.framework */; };
		1D33C3EA1DAC80AB00B25807 /* UIImageColors.swift in Sources */ = {isa = PBXBuildFile; fileRef = 1D33C3E91DAC80AB00B25807 /* UIImageColors.swift */; };
		6D6CCB151E1E066D00BF5227 /* SetupViewController.swift in Sources */ = {isa = PBXBuildFile; fileRef = 6D6CCB141E1E066D00BF5227 /* SetupViewController.swift */; };
		6DBE5D1B1E062720003BB1BA /* MusicLibrary.swift in Sources */ = {isa = PBXBuildFile; fileRef = 6DBE5D1A1E062720003BB1BA /* MusicLibrary.swift */; };
/* End PBXBuildFile section */

/* Begin PBXContainerItemProxy section */
		1D33C3C81DAC7DD700B25807 /* PBXContainerItemProxy */ = {
			isa = PBXContainerItemProxy;
			containerPortal = 1D33C3AB1DAC7DD500B25807 /* Project object */;
			proxyType = 1;
			remoteGlobalIDString = 1D33C3B21DAC7DD500B25807;
			remoteInfo = CarMusicPlayer;
		};
		1D33C3D31DAC7DD700B25807 /* PBXContainerItemProxy */ = {
			isa = PBXContainerItemProxy;
			containerPortal = 1D33C3AB1DAC7DD500B25807 /* Project object */;
			proxyType = 1;
			remoteGlobalIDString = 1D33C3B21DAC7DD500B25807;
			remoteInfo = CarMusicPlayer;
		};
/* End PBXContainerItemProxy section */

/* Begin PBXFileReference section */
		1D33C3B31DAC7DD500B25807 /* CarMusicPlayer.app */ = {isa = PBXFileReference; explicitFileType = wrapper.application; includeInIndex = 0; path = CarMusicPlayer.app; sourceTree = BUILT_PRODUCTS_DIR; };
		1D33C3B61DAC7DD500B25807 /* AppDelegate.swift */ = {isa = PBXFileReference; lastKnownFileType = sourcecode.swift; path = AppDelegate.swift; sourceTree = "<group>"; };
		1D33C3B81DAC7DD500B25807 /* ViewController.swift */ = {isa = PBXFileReference; lastKnownFileType = sourcecode.swift; path = ViewController.swift; sourceTree = "<group>"; };
		1D33C3BB1DAC7DD600B25807 /* Base */ = {isa = PBXFileReference; lastKnownFileType = file.storyboard; name = Base; path = Base.lproj/Main.storyboard; sourceTree = "<group>"; };
		1D33C3BD1DAC7DD600B25807 /* Assets.xcassets */ = {isa = PBXFileReference; lastKnownFileType = folder.assetcatalog; path = Assets.xcassets; sourceTree = "<group>"; };
		1D33C3C01DAC7DD600B25807 /* Base */ = {isa = PBXFileReference; lastKnownFileType = file.storyboard; name = Base; path = Base.lproj/LaunchScreen.storyboard; sourceTree = "<group>"; };
		1D33C3C21DAC7DD600B25807 /* Info.plist */ = {isa = PBXFileReference; lastKnownFileType = text.plist.xml; path = Info.plist; sourceTree = "<group>"; };
		1D33C3C71DAC7DD700B25807 /* CarMusicPlayerTests.xctest */ = {isa = PBXFileReference; explicitFileType = wrapper.cfbundle; includeInIndex = 0; path = CarMusicPlayerTests.xctest; sourceTree = BUILT_PRODUCTS_DIR; };
		1D33C3CB1DAC7DD700B25807 /* CarMusicPlayerTests.swift */ = {isa = PBXFileReference; lastKnownFileType = sourcecode.swift; path = CarMusicPlayerTests.swift; sourceTree = "<group>"; };
		1D33C3CD1DAC7DD700B25807 /* Info.plist */ = {isa = PBXFileReference; lastKnownFileType = text.plist.xml; path = Info.plist; sourceTree = "<group>"; };
		1D33C3D21DAC7DD700B25807 /* CarMusicPlayerUITests.xctest */ = {isa = PBXFileReference; explicitFileType = wrapper.cfbundle; includeInIndex = 0; path = CarMusicPlayerUITests.xctest; sourceTree = BUILT_PRODUCTS_DIR; };
		1D33C3D61DAC7DD700B25807 /* CarMusicPlayerUITests.swift */ = {isa = PBXFileReference; lastKnownFileType = sourcecode.swift; path = CarMusicPlayerUITests.swift; sourceTree = "<group>"; };
		1D33C3D81DAC7DD700B25807 /* Info.plist */ = {isa = PBXFileReference; lastKnownFileType = text.plist.xml; path = Info.plist; sourceTree = "<group>"; };
		1D33C3E51DAC7DFB00B25807 /* MediaPlayer.framework */ = {isa = PBXFileReference; lastKnownFileType = wrapper.framework; name = MediaPlayer.framework; path = System/Library/Frameworks/MediaPlayer.framework; sourceTree = SDKROOT; };
		1D33C3E91DAC80AB00B25807 /* UIImageColors.swift */ = {isa = PBXFileReference; fileEncoding = 4; lastKnownFileType = sourcecode.swift; path = UIImageColors.swift; sourceTree = "<group>"; };
		6D6CCB141E1E066D00BF5227 /* SetupViewController.swift */ = {isa = PBXFileReference; fileEncoding = 4; lastKnownFileType = sourcecode.swift; path = SetupViewController.swift; sourceTree = "<group>"; };
		6DBE5D1A1E062720003BB1BA /* MusicLibrary.swift */ = {isa = PBXFileReference; fileEncoding = 4; lastKnownFileType = sourcecode.swift; path = MusicLibrary.swift; sourceTree = "<group>"; };
/* End PBXFileReference section */

/* Begin PBXFrameworksBuildPhase section */
		1D33C3B01DAC7DD500B25807 /* Frameworks */ = {
			isa = PBXFrameworksBuildPhase;
			buildActionMask = 2147483647;
			files = (
				1D33C3E61DAC7DFB00B25807 /* MediaPlayer.framework in Frameworks */,
			);
			runOnlyForDeploymentPostprocessing = 0;
		};
		1D33C3C41DAC7DD700B25807 /* Frameworks */ = {
			isa = PBXFrameworksBuildPhase;
			buildActionMask = 2147483647;
			files = (
			);
			runOnlyForDeploymentPostprocessing = 0;
		};
		1D33C3CF1DAC7DD700B25807 /* Frameworks */ = {
			isa = PBXFrameworksBuildPhase;
			buildActionMask = 2147483647;
			files = (
			);
			runOnlyForDeploymentPostprocessing = 0;
		};
/* End PBXFrameworksBuildPhase section */

/* Begin PBXGroup section */
		1D33C3AA1DAC7DD500B25807 = {
			isa = PBXGroup;
			children = (
				1D33C3B51DAC7DD500B25807 /* CarMusicPlayer */,
				1D33C3CA1DAC7DD700B25807 /* CarMusicPlayerTests */,
				1D33C3D51DAC7DD700B25807 /* CarMusicPlayerUITests */,
				1D33C3B41DAC7DD500B25807 /* Products */,
				1D33C3E41DAC7DFB00B25807 /* Frameworks */,
			);
			sourceTree = "<group>";
		};
		1D33C3B41DAC7DD500B25807 /* Products */ = {
			isa = PBXGroup;
			children = (
				1D33C3B31DAC7DD500B25807 /* CarMusicPlayer.app */,
				1D33C3C71DAC7DD700B25807 /* CarMusicPlayerTests.xctest */,
				1D33C3D21DAC7DD700B25807 /* CarMusicPlayerUITests.xctest */,
			);
			name = Products;
			sourceTree = "<group>";
		};
		1D33C3B51DAC7DD500B25807 /* CarMusicPlayer */ = {
			isa = PBXGroup;
			children = (
				1D33C3B61DAC7DD500B25807 /* AppDelegate.swift */,
				1D33C3B81DAC7DD500B25807 /* ViewController.swift */,
				6DBE5D1A1E062720003BB1BA /* MusicLibrary.swift */,
				1D33C3BA1DAC7DD600B25807 /* Main.storyboard */,
				6D6CCB141E1E066D00BF5227 /* SetupViewController.swift */,
				1D33C3E91DAC80AB00B25807 /* UIImageColors.swift */,
				1D33C3BD1DAC7DD600B25807 /* Assets.xcassets */,
				1D33C3BF1DAC7DD600B25807 /* LaunchScreen.storyboard */,
				1D33C3C21DAC7DD600B25807 /* Info.plist */,
			);
			path = CarMusicPlayer;
			sourceTree = "<group>";
		};
		1D33C3CA1DAC7DD700B25807 /* CarMusicPlayerTests */ = {
			isa = PBXGroup;
			children = (
				1D33C3CB1DAC7DD700B25807 /* CarMusicPlayerTests.swift */,
				1D33C3CD1DAC7DD700B25807 /* Info.plist */,
			);
			path = CarMusicPlayerTests;
			sourceTree = "<group>";
		};
		1D33C3D51DAC7DD700B25807 /* CarMusicPlayerUITests */ = {
			isa = PBXGroup;
			children = (
				1D33C3D61DAC7DD700B25807 /* CarMusicPlayerUITests.swift */,
				1D33C3D81DAC7DD700B25807 /* Info.plist */,
			);
			path = CarMusicPlayerUITests;
			sourceTree = "<group>";
		};
		1D33C3E41DAC7DFB00B25807 /* Frameworks */ = {
			isa = PBXGroup;
			children = (
				1D33C3E51DAC7DFB00B25807 /* MediaPlayer.framework */,
			);
			name = Frameworks;
			sourceTree = "<group>";
		};
/* End PBXGroup section */

/* Begin PBXNativeTarget section */
		1D33C3B21DAC7DD500B25807 /* CarMusicPlayer */ = {
			isa = PBXNativeTarget;
			buildConfigurationList = 1D33C3DB1DAC7DD700B25807 /* Build configuration list for PBXNativeTarget "CarMusicPlayer" */;
			buildPhases = (
				1D33C3AF1DAC7DD500B25807 /* Sources */,
				1D33C3B01DAC7DD500B25807 /* Frameworks */,
				1D33C3B11DAC7DD500B25807 /* Resources */,
			);
			buildRules = (
			);
			dependencies = (
			);
			name = CarMusicPlayer;
			productName = CarMusicPlayer;
			productReference = 1D33C3B31DAC7DD500B25807 /* CarMusicPlayer.app */;
			productType = "com.apple.product-type.application";
		};
		1D33C3C61DAC7DD700B25807 /* CarMusicPlayerTests */ = {
			isa = PBXNativeTarget;
			buildConfigurationList = 1D33C3DE1DAC7DD700B25807 /* Build configuration list for PBXNativeTarget "CarMusicPlayerTests" */;
			buildPhases = (
				1D33C3C31DAC7DD700B25807 /* Sources */,
				1D33C3C41DAC7DD700B25807 /* Frameworks */,
				1D33C3C51DAC7DD700B25807 /* Resources */,
			);
			buildRules = (
			);
			dependencies = (
				1D33C3C91DAC7DD700B25807 /* PBXTargetDependency */,
			);
			name = CarMusicPlayerTests;
			productName = CarMusicPlayerTests;
			productReference = 1D33C3C71DAC7DD700B25807 /* CarMusicPlayerTests.xctest */;
			productType = "com.apple.product-type.bundle.unit-test";
		};
		1D33C3D11DAC7DD700B25807 /* CarMusicPlayerUITests */ = {
			isa = PBXNativeTarget;
			buildConfigurationList = 1D33C3E11DAC7DD700B25807 /* Build configuration list for PBXNativeTarget "CarMusicPlayerUITests" */;
			buildPhases = (
				1D33C3CE1DAC7DD700B25807 /* Sources */,
				1D33C3CF1DAC7DD700B25807 /* Frameworks */,
				1D33C3D01DAC7DD700B25807 /* Resources */,
			);
			buildRules = (
			);
			dependencies = (
				1D33C3D41DAC7DD700B25807 /* PBXTargetDependency */,
			);
			name = CarMusicPlayerUITests;
			productName = CarMusicPlayerUITests;
			productReference = 1D33C3D21DAC7DD700B25807 /* CarMusicPlayerUITests.xctest */;
			productType = "com.apple.product-type.bundle.ui-testing";
		};
/* End PBXNativeTarget section */

/* Begin PBXProject section */
		1D33C3AB1DAC7DD500B25807 /* Project object */ = {
			isa = PBXProject;
			attributes = {
				LastSwiftUpdateCheck = 0810;
				LastUpgradeCheck = 0820;
				ORGANIZATIONNAME = "Umar Haroon";
				TargetAttributes = {
					1D33C3B21DAC7DD500B25807 = {
						CreatedOnToolsVersion = 8.1;
						DevelopmentTeam = 7TK46GU985;
						ProvisioningStyle = Automatic;
					};
					1D33C3C61DAC7DD700B25807 = {
						CreatedOnToolsVersion = 8.1;
						DevelopmentTeam = 7TK46GU985;
						ProvisioningStyle = Automatic;
						TestTargetID = 1D33C3B21DAC7DD500B25807;
					};
					1D33C3D11DAC7DD700B25807 = {
						CreatedOnToolsVersion = 8.1;
						DevelopmentTeam = 7TK46GU985;
						ProvisioningStyle = Automatic;
						TestTargetID = 1D33C3B21DAC7DD500B25807;
					};
				};
			};
			buildConfigurationList = 1D33C3AE1DAC7DD500B25807 /* Build configuration list for PBXProject "CarMusicPlayer" */;
			compatibilityVersion = "Xcode 3.2";
			developmentRegion = English;
			hasScannedForEncodings = 0;
			knownRegions = (
				en,
				Base,
			);
			mainGroup = 1D33C3AA1DAC7DD500B25807;
			productRefGroup = 1D33C3B41DAC7DD500B25807 /* Products */;
			projectDirPath = "";
			projectRoot = "";
			targets = (
				1D33C3B21DAC7DD500B25807 /* CarMusicPlayer */,
				1D33C3C61DAC7DD700B25807 /* CarMusicPlayerTests */,
				1D33C3D11DAC7DD700B25807 /* CarMusicPlayerUITests */,
			);
		};
/* End PBXProject section */

/* Begin PBXResourcesBuildPhase section */
		1D33C3B11DAC7DD500B25807 /* Resources */ = {
			isa = PBXResourcesBuildPhase;
			buildActionMask = 2147483647;
			files = (
				1D33C3C11DAC7DD600B25807 /* LaunchScreen.storyboard in Resources */,
				1D33C3BE1DAC7DD600B25807 /* Assets.xcassets in Resources */,
				1D33C3BC1DAC7DD600B25807 /* Main.storyboard in Resources */,
			);
			runOnlyForDeploymentPostprocessing = 0;
		};
		1D33C3C51DAC7DD700B25807 /* Resources */ = {
			isa = PBXResourcesBuildPhase;
			buildActionMask = 2147483647;
			files = (
			);
			runOnlyForDeploymentPostprocessing = 0;
		};
		1D33C3D01DAC7DD700B25807 /* Resources */ = {
			isa = PBXResourcesBuildPhase;
			buildActionMask = 2147483647;
			files = (
			);
			runOnlyForDeploymentPostprocessing = 0;
		};
/* End PBXResourcesBuildPhase section */

/* Begin PBXSourcesBuildPhase section */
		1D33C3AF1DAC7DD500B25807 /* Sources */ = {
			isa = PBXSourcesBuildPhase;
			buildActionMask = 2147483647;
			files = (
				1D33C3EA1DAC80AB00B25807 /* UIImageColors.swift in Sources */,
				1D33C3B91DAC7DD500B25807 /* ViewController.swift in Sources */,
				1D33C3B71DAC7DD500B25807 /* AppDelegate.swift in Sources */,
				6DBE5D1B1E062720003BB1BA /* MusicLibrary.swift in Sources */,
				6D6CCB151E1E066D00BF5227 /* SetupViewController.swift in Sources */,
			);
			runOnlyForDeploymentPostprocessing = 0;
		};
		1D33C3C31DAC7DD700B25807 /* Sources */ = {
			isa = PBXSourcesBuildPhase;
			buildActionMask = 2147483647;
			files = (
				1D33C3CC1DAC7DD700B25807 /* CarMusicPlayerTests.swift in Sources */,
			);
			runOnlyForDeploymentPostprocessing = 0;
		};
		1D33C3CE1DAC7DD700B25807 /* Sources */ = {
			isa = PBXSourcesBuildPhase;
			buildActionMask = 2147483647;
			files = (
				1D33C3D71DAC7DD700B25807 /* CarMusicPlayerUITests.swift in Sources */,
			);
			runOnlyForDeploymentPostprocessing = 0;
		};
/* End PBXSourcesBuildPhase section */

/* Begin PBXTargetDependency section */
		1D33C3C91DAC7DD700B25807 /* PBXTargetDependency */ = {
			isa = PBXTargetDependency;
			target = 1D33C3B21DAC7DD500B25807 /* CarMusicPlayer */;
			targetProxy = 1D33C3C81DAC7DD700B25807 /* PBXContainerItemProxy */;
		};
		1D33C3D41DAC7DD700B25807 /* PBXTargetDependency */ = {
			isa = PBXTargetDependency;
			target = 1D33C3B21DAC7DD500B25807 /* CarMusicPlayer */;
			targetProxy = 1D33C3D31DAC7DD700B25807 /* PBXContainerItemProxy */;
		};
/* End PBXTargetDependency section */

/* Begin PBXVariantGroup section */
		1D33C3BA1DAC7DD600B25807 /* Main.storyboard */ = {
			isa = PBXVariantGroup;
			children = (
				1D33C3BB1DAC7DD600B25807 /* Base */,
			);
			name = Main.storyboard;
			sourceTree = "<group>";
		};
		1D33C3BF1DAC7DD600B25807 /* LaunchScreen.storyboard */ = {
			isa = PBXVariantGroup;
			children = (
				1D33C3C01DAC7DD600B25807 /* Base */,
			);
			name = LaunchScreen.storyboard;
			sourceTree = "<group>";
		};
/* End PBXVariantGroup section */

/* Begin XCBuildConfiguration section */
		1D33C3D91DAC7DD700B25807 /* Debug */ = {
			isa = XCBuildConfiguration;
			buildSettings = {
				ALWAYS_SEARCH_USER_PATHS = NO;
				CLANG_ANALYZER_NONNULL = YES;
				CLANG_CXX_LANGUAGE_STANDARD = "gnu++0x";
				CLANG_CXX_LIBRARY = "libc++";
				CLANG_ENABLE_MODULES = YES;
				CLANG_ENABLE_OBJC_ARC = YES;
				CLANG_WARN_BOOL_CONVERSION = YES;
				CLANG_WARN_CONSTANT_CONVERSION = YES;
				CLANG_WARN_DIRECT_OBJC_ISA_USAGE = YES_ERROR;
				CLANG_WARN_DOCUMENTATION_COMMENTS = YES;
				CLANG_WARN_EMPTY_BODY = YES;
				CLANG_WARN_ENUM_CONVERSION = YES;
				CLANG_WARN_INFINITE_RECURSION = YES;
				CLANG_WARN_INT_CONVERSION = YES;
				CLANG_WARN_OBJC_ROOT_CLASS = YES_ERROR;
				CLANG_WARN_SUSPICIOUS_MOVE = YES;
				CLANG_WARN_SUSPICIOUS_MOVES = YES;
				CLANG_WARN_UNREACHABLE_CODE = YES;
				CLANG_WARN__DUPLICATE_METHOD_MATCH = YES;
				"CODE_SIGN_IDENTITY[sdk=iphoneos*]" = "iPhone Developer";
				COPY_PHASE_STRIP = NO;
				DEBUG_INFORMATION_FORMAT = dwarf;
				ENABLE_STRICT_OBJC_MSGSEND = YES;
				ENABLE_TESTABILITY = YES;
				GCC_C_LANGUAGE_STANDARD = gnu99;
				GCC_DYNAMIC_NO_PIC = NO;
				GCC_NO_COMMON_BLOCKS = YES;
				GCC_OPTIMIZATION_LEVEL = 0;
				GCC_PREPROCESSOR_DEFINITIONS = (
					"DEBUG=1",
					"$(inherited)",
				);
				GCC_WARN_64_TO_32_BIT_CONVERSION = YES;
				GCC_WARN_ABOUT_RETURN_TYPE = YES_ERROR;
				GCC_WARN_UNDECLARED_SELECTOR = YES;
				GCC_WARN_UNINITIALIZED_AUTOS = YES_AGGRESSIVE;
				GCC_WARN_UNUSED_FUNCTION = YES;
				GCC_WARN_UNUSED_VARIABLE = YES;
				IPHONEOS_DEPLOYMENT_TARGET = 10.1;
				MTL_ENABLE_DEBUG_INFO = YES;
				ONLY_ACTIVE_ARCH = YES;
				SDKROOT = iphoneos;
				SWIFT_ACTIVE_COMPILATION_CONDITIONS = DEBUG;
				SWIFT_OPTIMIZATION_LEVEL = "-Onone";
				TARGETED_DEVICE_FAMILY = "1,2";
			};
			name = Debug;
		};
		1D33C3DA1DAC7DD700B25807 /* Release */ = {
			isa = XCBuildConfiguration;
			buildSettings = {
				ALWAYS_SEARCH_USER_PATHS = NO;
				CLANG_ANALYZER_NONNULL = YES;
				CLANG_CXX_LANGUAGE_STANDARD = "gnu++0x";
				CLANG_CXX_LIBRARY = "libc++";
				CLANG_ENABLE_MODULES = YES;
				CLANG_ENABLE_OBJC_ARC = YES;
				CLANG_WARN_BOOL_CONVERSION = YES;
				CLANG_WARN_CONSTANT_CONVERSION = YES;
				CLANG_WARN_DIRECT_OBJC_ISA_USAGE = YES_ERROR;
				CLANG_WARN_DOCUMENTATION_COMMENTS = YES;
				CLANG_WARN_EMPTY_BODY = YES;
				CLANG_WARN_ENUM_CONVERSION = YES;
				CLANG_WARN_INFINITE_RECURSION = YES;
				CLANG_WARN_INT_CONVERSION = YES;
				CLANG_WARN_OBJC_ROOT_CLASS = YES_ERROR;
				CLANG_WARN_SUSPICIOUS_MOVE = YES;
				CLANG_WARN_SUSPICIOUS_MOVES = YES;
				CLANG_WARN_UNREACHABLE_CODE = YES;
				CLANG_WARN__DUPLICATE_METHOD_MATCH = YES;
				"CODE_SIGN_IDENTITY[sdk=iphoneos*]" = "iPhone Developer";
				COPY_PHASE_STRIP = NO;
				DEBUG_INFORMATION_FORMAT = "dwarf-with-dsym";
				ENABLE_NS_ASSERTIONS = NO;
				ENABLE_STRICT_OBJC_MSGSEND = YES;
				GCC_C_LANGUAGE_STANDARD = gnu99;
				GCC_NO_COMMON_BLOCKS = YES;
				GCC_WARN_64_TO_32_BIT_CONVERSION = YES;
				GCC_WARN_ABOUT_RETURN_TYPE = YES_ERROR;
				GCC_WARN_UNDECLARED_SELECTOR = YES;
				GCC_WARN_UNINITIALIZED_AUTOS = YES_AGGRESSIVE;
				GCC_WARN_UNUSED_FUNCTION = YES;
				GCC_WARN_UNUSED_VARIABLE = YES;
				IPHONEOS_DEPLOYMENT_TARGET = 10.1;
				MTL_ENABLE_DEBUG_INFO = NO;
				SDKROOT = iphoneos;
				SWIFT_OPTIMIZATION_LEVEL = "-Owholemodule";
				TARGETED_DEVICE_FAMILY = "1,2";
				VALIDATE_PRODUCT = YES;
			};
			name = Release;
		};
		1D33C3DC1DAC7DD700B25807 /* Debug */ = {
			isa = XCBuildConfiguration;
			buildSettings = {
				ASSETCATALOG_COMPILER_APPICON_NAME = AppIcon;
				DEVELOPMENT_TEAM = 7TK46GU985;
				INFOPLIST_FILE = CarMusicPlayer/Info.plist;
				LD_RUNPATH_SEARCH_PATHS = "$(inherited) @executable_path/Frameworks";
				PRODUCT_BUNDLE_IDENTIFIER = com.iforgottonamethis.CarMusicPlayer;
				PRODUCT_NAME = "$(TARGET_NAME)";
				SWIFT_VERSION = 3.0;
			};
			name = Debug;
		};
		1D33C3DD1DAC7DD700B25807 /* Release */ = {
			isa = XCBuildConfiguration;
			buildSettings = {
				ASSETCATALOG_COMPILER_APPICON_NAME = AppIcon;
				DEVELOPMENT_TEAM = 7TK46GU985;
				INFOPLIST_FILE = CarMusicPlayer/Info.plist;
				LD_RUNPATH_SEARCH_PATHS = "$(inherited) @executable_path/Frameworks";
				PRODUCT_BUNDLE_IDENTIFIER = com.iforgottonamethis.CarMusicPlayer;
				PRODUCT_NAME = "$(TARGET_NAME)";
				SWIFT_VERSION = 3.0;
			};
			name = Release;
		};
		1D33C3DF1DAC7DD700B25807 /* Debug */ = {
			isa = XCBuildConfiguration;
			buildSettings = {
				ALWAYS_EMBED_SWIFT_STANDARD_LIBRARIES = YES;
				BUNDLE_LOADER = "$(TEST_HOST)";
				DEVELOPMENT_TEAM = 7TK46GU985;
				INFOPLIST_FILE = CarMusicPlayerTests/Info.plist;
				LD_RUNPATH_SEARCH_PATHS = "$(inherited) @executable_path/Frameworks @loader_path/Frameworks";
				PRODUCT_BUNDLE_IDENTIFIER = com.iforgottonamethis.CarMusicPlayerTests;
				PRODUCT_NAME = "$(TARGET_NAME)";
				SWIFT_VERSION = 3.0;
				TEST_HOST = "$(BUILT_PRODUCTS_DIR)/CarMusicPlayer.app/CarMusicPlayer";
			};
			name = Debug;
		};
		1D33C3E01DAC7DD700B25807 /* Release */ = {
			isa = XCBuildConfiguration;
			buildSettings = {
				ALWAYS_EMBED_SWIFT_STANDARD_LIBRARIES = YES;
				BUNDLE_LOADER = "$(TEST_HOST)";
				DEVELOPMENT_TEAM = 7TK46GU985;
				INFOPLIST_FILE = CarMusicPlayerTests/Info.plist;
				LD_RUNPATH_SEARCH_PATHS = "$(inherited) @executable_path/Frameworks @loader_path/Frameworks";
				PRODUCT_BUNDLE_IDENTIFIER = com.iforgottonamethis.CarMusicPlayerTests;
				PRODUCT_NAME = "$(TARGET_NAME)";
				SWIFT_VERSION = 3.0;
				TEST_HOST = "$(BUILT_PRODUCTS_DIR)/CarMusicPlayer.app/CarMusicPlayer";
			};
			name = Release;
		};
		1D33C3E21DAC7DD700B25807 /* Debug */ = {
			isa = XCBuildConfiguration;
			buildSettings = {
				ALWAYS_EMBED_SWIFT_STANDARD_LIBRARIES = YES;
				DEVELOPMENT_TEAM = 7TK46GU985;
				INFOPLIST_FILE = CarMusicPlayerUITests/Info.plist;
				LD_RUNPATH_SEARCH_PATHS = "$(inherited) @executable_path/Frameworks @loader_path/Frameworks";
				PRODUCT_BUNDLE_IDENTIFIER = com.iforgottonamethis.CarMusicPlayerUITests;
				PRODUCT_NAME = "$(TARGET_NAME)";
				SWIFT_VERSION = 3.0;
				TEST_TARGET_NAME = CarMusicPlayer;
			};
			name = Debug;
		};
		1D33C3E31DAC7DD700B25807 /* Release */ = {
			isa = XCBuildConfiguration;
			buildSettings = {
				ALWAYS_EMBED_SWIFT_STANDARD_LIBRARIES = YES;
				DEVELOPMENT_TEAM = 7TK46GU985;
				INFOPLIST_FILE = CarMusicPlayerUITests/Info.plist;
				LD_RUNPATH_SEARCH_PATHS = "$(inherited) @executable_path/Frameworks @loader_path/Frameworks";
				PRODUCT_BUNDLE_IDENTIFIER = com.iforgottonamethis.CarMusicPlayerUITests;
				PRODUCT_NAME = "$(TARGET_NAME)";
				SWIFT_VERSION = 3.0;
				TEST_TARGET_NAME = CarMusicPlayer;
			};
			name = Release;
		};
/* End XCBuildConfiguration section */

/* Begin XCConfigurationList section */
		1D33C3AE1DAC7DD500B25807 /* Build configuration list for PBXProject "CarMusicPlayer" */ = {
			isa = XCConfigurationList;
			buildConfigurations = (
				1D33C3D91DAC7DD700B25807 /* Debug */,
				1D33C3DA1DAC7DD700B25807 /* Release */,
			);
			defaultConfigurationIsVisible = 0;
			defaultConfigurationName = Release;
		};
		1D33C3DB1DAC7DD700B25807 /* Build configuration list for PBXNativeTarget "CarMusicPlayer" */ = {
			isa = XCConfigurationList;
			buildConfigurations = (
				1D33C3DC1DAC7DD700B25807 /* Debug */,
				1D33C3DD1DAC7DD700B25807 /* Release */,
			);
			defaultConfigurationIsVisible = 0;
			defaultConfigurationName = Release;
		};
		1D33C3DE1DAC7DD700B25807 /* Build configuration list for PBXNativeTarget "CarMusicPlayerTests" */ = {
			isa = XCConfigurationList;
			buildConfigurations = (
				1D33C3DF1DAC7DD700B25807 /* Debug */,
				1D33C3E01DAC7DD700B25807 /* Release */,
			);
			defaultConfigurationIsVisible = 0;
			defaultConfigurationName = Release;
		};
		1D33C3E11DAC7DD700B25807 /* Build configuration list for PBXNativeTarget "CarMusicPlayerUITests" */ = {
			isa = XCConfigurationList;
			buildConfigurations = (
				1D33C3E21DAC7DD700B25807 /* Debug */,
				1D33C3E31DAC7DD700B25807 /* Release */,
			);
			defaultConfigurationIsVisible = 0;
			defaultConfigurationName = Release;
		};
/* End XCConfigurationList section */
	};
	rootObject = 1D33C3AB1DAC7DD500B25807 /* Project object */;
}
